// !$*UTF8*$!
{
	archiveVersion = 1;
	classes = {
	};
	objectVersion = 56;
	objects = {

/* Begin PBXBuildFile section */
		6643736028CD4CF70008AE36 /* AppDelegate.swift in Sources */ = {isa = PBXBuildFile; fileRef = 6643735F28CD4CF70008AE36 /* AppDelegate.swift */; };
		6643736228CD4CF70008AE36 /* SceneDelegate.swift in Sources */ = {isa = PBXBuildFile; fileRef = 6643736128CD4CF70008AE36 /* SceneDelegate.swift */; };
		6643736428CD4CF70008AE36 /* PlaylistViewController.swift in Sources */ = {isa = PBXBuildFile; fileRef = 6643736328CD4CF70008AE36 /* PlaylistViewController.swift */; };
		6643736928CD4CF80008AE36 /* Assets.xcassets in Resources */ = {isa = PBXBuildFile; fileRef = 6643736828CD4CF80008AE36 /* Assets.xcassets */; };
		6643736C28CD4CF80008AE36 /* LaunchScreen.storyboard in Resources */ = {isa = PBXBuildFile; fileRef = 6643736A28CD4CF80008AE36 /* LaunchScreen.storyboard */; };
		6643737228CD75EA0008AE36 /* SidebarViewController.swift in Sources */ = {isa = PBXBuildFile; fileRef = 6643737128CD75EA0008AE36 /* SidebarViewController.swift */; };
		6643737928CD7BEA0008AE36 /* Model.swift in Sources */ = {isa = PBXBuildFile; fileRef = 6643737828CD7BEA0008AE36 /* Model.swift */; };
		6643737E28CDA92B0008AE36 /* Playlist.swift in Sources */ = {isa = PBXBuildFile; fileRef = 6643737D28CDA92B0008AE36 /* Playlist.swift */; };
		6643738028CDA99D0008AE36 /* MediaItem.swift in Sources */ = {isa = PBXBuildFile; fileRef = 6643737F28CDA99D0008AE36 /* MediaItem.swift */; };
		665BA14928D04CC30094BA27 /* InfoPaneViewController.swift in Sources */ = {isa = PBXBuildFile; fileRef = 665BA14828D04CC30094BA27 /* InfoPaneViewController.swift */; };
		665BA14C28D053C60094BA27 /* PlaylistInfoViewController.swift in Sources */ = {isa = PBXBuildFile; fileRef = 665BA14B28D053C60094BA27 /* PlaylistInfoViewController.swift */; };
		6665C0F828D823F50094A652 /* DSWaveformImage in Frameworks */ = {isa = PBXBuildFile; productRef = 6665C0F728D823F50094A652 /* DSWaveformImage */; };
		66714E6A28DADC6B005345A3 /* SplitterView.swift in Sources */ = {isa = PBXBuildFile; fileRef = 66714E6928DADC6B005345A3 /* SplitterView.swift */; };
		66714E6C28DAE841005345A3 /* TextFieldContentView.swift in Sources */ = {isa = PBXBuildFile; fileRef = 66714E6B28DAE841005345A3 /* TextFieldContentView.swift */; };
		66714E6F28DD7BE4005345A3 /* ID3TagEditor in Frameworks */ = {isa = PBXBuildFile; productRef = 66714E6E28DD7BE4005345A3 /* ID3TagEditor */; };
		66714E7128DECFD2005345A3 /* WorkspaceCompatibility.swift in Sources */ = {isa = PBXBuildFile; fileRef = 66714E7028DECFD2005345A3 /* WorkspaceCompatibility.swift */; };
		66714E7528E00E0E005345A3 /* Tag.swift in Sources */ = {isa = PBXBuildFile; fileRef = 66714E7428E00E0E005345A3 /* Tag.swift */; };
		66714E7728E0209F005345A3 /* MultiSelectPickerView.swift in Sources */ = {isa = PBXBuildFile; fileRef = 66714E7628E0209F005345A3 /* MultiSelectPickerView.swift */; };
		6687136228DAD16600BD4969 /* MusadoraKit in Frameworks */ = {isa = PBXBuildFile; productRef = 6687136128DAD16600BD4969 /* MusadoraKit */; };
		668DD78828CEA652004DFA8D /* StormchaserBridge.h in Headers */ = {isa = PBXBuildFile; fileRef = 668DD78728CEA652004DFA8D /* StormchaserBridge.h */; settings = {ATTRIBUTES = (Public, ); }; };
		668DD79528CEA691004DFA8D /* StormchaserBridge.framework in CopyFiles */ = {isa = PBXBuildFile; fileRef = 668DD78528CEA652004DFA8D /* StormchaserBridge.framework */; platformFilter = maccatalyst; settings = {ATTRIBUTES = (CodeSignOnCopy, RemoveHeadersOnCopy, ); }; };
		668DD79728CEA6BC004DFA8D /* PlayerFieldItem.swift in Sources */ = {isa = PBXBuildFile; fileRef = 668DD79628CEA6BC004DFA8D /* PlayerFieldItem.swift */; };
		668DD79928CEC1FD004DFA8D /* AppDelegate+menu.swift in Sources */ = {isa = PBXBuildFile; fileRef = 668DD79828CEC1FD004DFA8D /* AppDelegate+menu.swift */; };
		66913A0028D831940071AC43 /* HurricaneDB in Frameworks */ = {isa = PBXBuildFile; productRef = 669139FF28D831940071AC43 /* HurricaneDB */; };
/* End PBXBuildFile section */

/* Begin PBXContainerItemProxy section */
		668DD79128CEA65D004DFA8D /* PBXContainerItemProxy */ = {
			isa = PBXContainerItemProxy;
			containerPortal = 6639814C28CB0C87005E6BAA /* Project object */;
			proxyType = 1;
			remoteGlobalIDString = 668DD78428CEA652004DFA8D;
			remoteInfo = StormchaserBridge;
		};
/* End PBXContainerItemProxy section */

/* Begin PBXCopyFilesBuildPhase section */
		668DD79428CEA688004DFA8D /* CopyFiles */ = {
			isa = PBXCopyFilesBuildPhase;
			buildActionMask = 2147483647;
			dstPath = "";
			dstSubfolderSpec = 10;
			files = (
				668DD79528CEA691004DFA8D /* StormchaserBridge.framework in CopyFiles */,
			);
			runOnlyForDeploymentPostprocessing = 0;
		};
/* End PBXCopyFilesBuildPhase section */

/* Begin PBXFileReference section */
		6639816728CB0C9F005E6BAA /* Hurricane */ = {isa = PBXFileReference; lastKnownFileType = wrapper; name = Hurricane; path = ../Hurricane; sourceTree = "<group>"; };
		6643735D28CD4CF70008AE36 /* StormChaser.app */ = {isa = PBXFileReference; explicitFileType = wrapper.application; includeInIndex = 0; path = StormChaser.app; sourceTree = BUILT_PRODUCTS_DIR; };
		6643735F28CD4CF70008AE36 /* AppDelegate.swift */ = {isa = PBXFileReference; lastKnownFileType = sourcecode.swift; path = AppDelegate.swift; sourceTree = "<group>"; };
		6643736128CD4CF70008AE36 /* SceneDelegate.swift */ = {isa = PBXFileReference; lastKnownFileType = sourcecode.swift; path = SceneDelegate.swift; sourceTree = "<group>"; };
		6643736328CD4CF70008AE36 /* PlaylistViewController.swift */ = {isa = PBXFileReference; lastKnownFileType = sourcecode.swift; path = PlaylistViewController.swift; sourceTree = "<group>"; };
		6643736828CD4CF80008AE36 /* Assets.xcassets */ = {isa = PBXFileReference; lastKnownFileType = folder.assetcatalog; path = Assets.xcassets; sourceTree = "<group>"; };
		6643736B28CD4CF80008AE36 /* Base */ = {isa = PBXFileReference; lastKnownFileType = file.storyboard; name = Base; path = Base.lproj/LaunchScreen.storyboard; sourceTree = "<group>"; };
		6643736D28CD4CF80008AE36 /* Info.plist */ = {isa = PBXFileReference; lastKnownFileType = text.plist.xml; path = Info.plist; sourceTree = "<group>"; };
		6643737128CD75EA0008AE36 /* SidebarViewController.swift */ = {isa = PBXFileReference; lastKnownFileType = sourcecode.swift; path = SidebarViewController.swift; sourceTree = "<group>"; };
		6643737328CD79AA0008AE36 /* StormChaser.entitlements */ = {isa = PBXFileReference; lastKnownFileType = text.plist.entitlements; path = StormChaser.entitlements; sourceTree = "<group>"; };
		6643737828CD7BEA0008AE36 /* Model.swift */ = {isa = PBXFileReference; lastKnownFileType = sourcecode.swift; path = Model.swift; sourceTree = "<group>"; };
		6643737D28CDA92B0008AE36 /* Playlist.swift */ = {isa = PBXFileReference; lastKnownFileType = sourcecode.swift; path = Playlist.swift; sourceTree = "<group>"; };
		6643737F28CDA99D0008AE36 /* MediaItem.swift */ = {isa = PBXFileReference; lastKnownFileType = sourcecode.swift; path = MediaItem.swift; sourceTree = "<group>"; };
		665BA14828D04CC30094BA27 /* InfoPaneViewController.swift */ = {isa = PBXFileReference; lastKnownFileType = sourcecode.swift; path = InfoPaneViewController.swift; sourceTree = "<group>"; };
		665BA14B28D053C60094BA27 /* PlaylistInfoViewController.swift */ = {isa = PBXFileReference; lastKnownFileType = sourcecode.swift; path = PlaylistInfoViewController.swift; sourceTree = "<group>"; };
		6665C0F428D823D20094A652 /* DSWaveformImage */ = {isa = PBXFileReference; lastKnownFileType = wrapper; name = DSWaveformImage; path = ../third_party/DSWaveformImage; sourceTree = "<group>"; };
		66714E6928DADC6B005345A3 /* SplitterView.swift */ = {isa = PBXFileReference; lastKnownFileType = sourcecode.swift; path = SplitterView.swift; sourceTree = "<group>"; };
		66714E6B28DAE841005345A3 /* TextFieldContentView.swift */ = {isa = PBXFileReference; lastKnownFileType = sourcecode.swift; path = TextFieldContentView.swift; sourceTree = "<group>"; };
		66714E7028DECFD2005345A3 /* WorkspaceCompatibility.swift */ = {isa = PBXFileReference; lastKnownFileType = sourcecode.swift; path = WorkspaceCompatibility.swift; sourceTree = "<group>"; };
		66714E7428E00E0E005345A3 /* Tag.swift */ = {isa = PBXFileReference; lastKnownFileType = sourcecode.swift; path = Tag.swift; sourceTree = "<group>"; };
		66714E7628E0209F005345A3 /* MultiSelectPickerView.swift */ = {isa = PBXFileReference; lastKnownFileType = sourcecode.swift; path = MultiSelectPickerView.swift; sourceTree = "<group>"; };
		668DD78528CEA652004DFA8D /* StormchaserBridge.framework */ = {isa = PBXFileReference; explicitFileType = wrapper.framework; includeInIndex = 0; path = StormchaserBridge.framework; sourceTree = BUILT_PRODUCTS_DIR; };
		668DD78728CEA652004DFA8D /* StormchaserBridge.h */ = {isa = PBXFileReference; lastKnownFileType = sourcecode.c.h; path = StormchaserBridge.h; sourceTree = "<group>"; };
		668DD79628CEA6BC004DFA8D /* PlayerFieldItem.swift */ = {isa = PBXFileReference; lastKnownFileType = sourcecode.swift; path = PlayerFieldItem.swift; sourceTree = "<group>"; };
		668DD79828CEC1FD004DFA8D /* AppDelegate+menu.swift */ = {isa = PBXFileReference; lastKnownFileType = sourcecode.swift; path = "AppDelegate+menu.swift"; sourceTree = "<group>"; };
		668DD79A28CEC804004DFA8D /* SwiftUI.framework */ = {isa = PBXFileReference; lastKnownFileType = wrapper.framework; name = SwiftUI.framework; path = System/Library/Frameworks/SwiftUI.framework; sourceTree = SDKROOT; };
		66913A0128D8348F0071AC43 /* Default.xcconfig */ = {isa = PBXFileReference; lastKnownFileType = text.xcconfig; path = Default.xcconfig; sourceTree = "<group>"; };
/* End PBXFileReference section */

/* Begin PBXFrameworksBuildPhase section */
		6643735A28CD4CF70008AE36 /* Frameworks */ = {
			isa = PBXFrameworksBuildPhase;
			buildActionMask = 2147483647;
			files = (
				66714E6F28DD7BE4005345A3 /* ID3TagEditor in Frameworks */,
				66913A0028D831940071AC43 /* HurricaneDB in Frameworks */,
				6687136228DAD16600BD4969 /* MusadoraKit in Frameworks */,
			);
			runOnlyForDeploymentPostprocessing = 0;
		};
		668DD78228CEA652004DFA8D /* Frameworks */ = {
			isa = PBXFrameworksBuildPhase;
			buildActionMask = 2147483647;
			files = (
				6665C0F828D823F50094A652 /* DSWaveformImage in Frameworks */,
			);
			runOnlyForDeploymentPostprocessing = 0;
		};
/* End PBXFrameworksBuildPhase section */

/* Begin PBXGroup section */
		6639814B28CB0C87005E6BAA = {
			isa = PBXGroup;
			children = (
				66913A0128D8348F0071AC43 /* Default.xcconfig */,
				6639816628CB0C9F005E6BAA /* Packages */,
				6643735E28CD4CF70008AE36 /* StormChaser */,
				668DD78628CEA652004DFA8D /* StormchaserBridge */,
				6639815528CB0C87005E6BAA /* Products */,
				6639816E28CB0EB9005E6BAA /* Frameworks */,
			);
			sourceTree = "<group>";
		};
		6639815528CB0C87005E6BAA /* Products */ = {
			isa = PBXGroup;
			children = (
				6643735D28CD4CF70008AE36 /* StormChaser.app */,
				668DD78528CEA652004DFA8D /* StormchaserBridge.framework */,
			);
			name = Products;
			sourceTree = "<group>";
		};
		6639816628CB0C9F005E6BAA /* Packages */ = {
			isa = PBXGroup;
			children = (
				6639816728CB0C9F005E6BAA /* Hurricane */,
				6665C0F428D823D20094A652 /* DSWaveformImage */,
			);
			name = Packages;
			sourceTree = "<group>";
		};
		6639816E28CB0EB9005E6BAA /* Frameworks */ = {
			isa = PBXGroup;
			children = (
				668DD79A28CEC804004DFA8D /* SwiftUI.framework */,
			);
			name = Frameworks;
			sourceTree = "<group>";
		};
		6643735E28CD4CF70008AE36 /* StormChaser */ = {
			isa = PBXGroup;
			children = (
				6643737328CD79AA0008AE36 /* StormChaser.entitlements */,
				6643735F28CD4CF70008AE36 /* AppDelegate.swift */,
				6643736128CD4CF70008AE36 /* SceneDelegate.swift */,
				6643737C28CDA91D0008AE36 /* model */,
				66714E7328DF6A09005345A3 /* Sidebar */,
				665BA14A28D053BC0094BA27 /* Playlist */,
				66714E7228DF6A02005345A3 /* Info pane */,
				66714E6928DADC6B005345A3 /* SplitterView.swift */,
				66714E6B28DAE841005345A3 /* TextFieldContentView.swift */,
				668DD79828CEC1FD004DFA8D /* AppDelegate+menu.swift */,
				6643736828CD4CF80008AE36 /* Assets.xcassets */,
				6643736A28CD4CF80008AE36 /* LaunchScreen.storyboard */,
				6643736D28CD4CF80008AE36 /* Info.plist */,
			);
			path = StormChaser;
			sourceTree = "<group>";
		};
		6643737C28CDA91D0008AE36 /* model */ = {
			isa = PBXGroup;
			children = (
				6643737828CD7BEA0008AE36 /* Model.swift */,
				6643737D28CDA92B0008AE36 /* Playlist.swift */,
				6643737F28CDA99D0008AE36 /* MediaItem.swift */,
				66714E7428E00E0E005345A3 /* Tag.swift */,
			);
			path = model;
			sourceTree = "<group>";
		};
		665BA14A28D053BC0094BA27 /* Playlist */ = {
			isa = PBXGroup;
			children = (
				6643736328CD4CF70008AE36 /* PlaylistViewController.swift */,
				665BA14B28D053C60094BA27 /* PlaylistInfoViewController.swift */,
			);
			path = Playlist;
			sourceTree = "<group>";
		};
		66714E7228DF6A02005345A3 /* Info pane */ = {
			isa = PBXGroup;
			children = (
				665BA14828D04CC30094BA27 /* InfoPaneViewController.swift */,
				66714E7628E0209F005345A3 /* MultiSelectPickerView.swift */,
			);
			path = "Info pane";
			sourceTree = "<group>";
		};
		66714E7328DF6A09005345A3 /* Sidebar */ = {
			isa = PBXGroup;
			children = (
				6643737128CD75EA0008AE36 /* SidebarViewController.swift */,
			);
			path = Sidebar;
			sourceTree = "<group>";
		};
		668DD78628CEA652004DFA8D /* StormchaserBridge */ = {
			isa = PBXGroup;
			children = (
				668DD78728CEA652004DFA8D /* StormchaserBridge.h */,
				668DD79628CEA6BC004DFA8D /* PlayerFieldItem.swift */,
				66714E7028DECFD2005345A3 /* WorkspaceCompatibility.swift */,
			);
			path = StormchaserBridge;
			sourceTree = "<group>";
		};
/* End PBXGroup section */

/* Begin PBXHeadersBuildPhase section */
		668DD78028CEA652004DFA8D /* Headers */ = {
			isa = PBXHeadersBuildPhase;
			buildActionMask = 2147483647;
			files = (
				668DD78828CEA652004DFA8D /* StormchaserBridge.h in Headers */,
			);
			runOnlyForDeploymentPostprocessing = 0;
		};
/* End PBXHeadersBuildPhase section */

/* Begin PBXNativeTarget section */
		6643735C28CD4CF70008AE36 /* StormChaser */ = {
			isa = PBXNativeTarget;
			buildConfigurationList = 6643736E28CD4CF80008AE36 /* Build configuration list for PBXNativeTarget "StormChaser" */;
			buildPhases = (
				6643735928CD4CF70008AE36 /* Sources */,
				6643735A28CD4CF70008AE36 /* Frameworks */,
				6643735B28CD4CF70008AE36 /* Resources */,
				668DD79428CEA688004DFA8D /* CopyFiles */,
			);
			buildRules = (
			);
			dependencies = (
				6665C0FA28D8317A0094A652 /* PBXTargetDependency */,
				668DD79228CEA65D004DFA8D /* PBXTargetDependency */,
			);
			name = StormChaser;
			packageProductDependencies = (
				669139FF28D831940071AC43 /* HurricaneDB */,
				6687136128DAD16600BD4969 /* MusadoraKit */,
				66714E6E28DD7BE4005345A3 /* ID3TagEditor */,
			);
			productName = StormerChaserCatalyst;
			productReference = 6643735D28CD4CF70008AE36 /* StormChaser.app */;
			productType = "com.apple.product-type.application";
		};
		668DD78428CEA652004DFA8D /* StormchaserBridge */ = {
			isa = PBXNativeTarget;
			buildConfigurationList = 668DD79028CEA652004DFA8D /* Build configuration list for PBXNativeTarget "StormchaserBridge" */;
			buildPhases = (
				668DD78028CEA652004DFA8D /* Headers */,
				668DD78128CEA652004DFA8D /* Sources */,
				668DD78228CEA652004DFA8D /* Frameworks */,
				668DD78328CEA652004DFA8D /* Resources */,
			);
			buildRules = (
			);
			dependencies = (
				6665C0F628D823EC0094A652 /* PBXTargetDependency */,
			);
			name = StormchaserBridge;
			packageProductDependencies = (
				6665C0F728D823F50094A652 /* DSWaveformImage */,
			);
			productName = StormchaserBridge;
			productReference = 668DD78528CEA652004DFA8D /* StormchaserBridge.framework */;
			productType = "com.apple.product-type.framework";
		};
/* End PBXNativeTarget section */

/* Begin PBXProject section */
		6639814C28CB0C87005E6BAA /* Project object */ = {
			isa = PBXProject;
			attributes = {
				BuildIndependentTargetsInParallel = 1;
				LastSwiftUpdateCheck = 1400;
				LastUpgradeCheck = 1400;
				TargetAttributes = {
					6643735C28CD4CF70008AE36 = {
						CreatedOnToolsVersion = 14.0;
					};
					668DD78428CEA652004DFA8D = {
						CreatedOnToolsVersion = 14.0;
						LastSwiftMigration = 1400;
					};
				};
			};
			buildConfigurationList = 6639814F28CB0C87005E6BAA /* Build configuration list for PBXProject "StormChaser" */;
			compatibilityVersion = "Xcode 14.0";
			developmentRegion = en;
			hasScannedForEncodings = 0;
			knownRegions = (
				en,
				Base,
			);
			mainGroup = 6639814B28CB0C87005E6BAA;
			packageReferences = (
				6687136028DAD16600BD4969 /* XCRemoteSwiftPackageReference "MusadoraKit" */,
				66714E6D28DD7BE4005345A3 /* XCRemoteSwiftPackageReference "ID3TagEditor" */,
			);
			productRefGroup = 6639815528CB0C87005E6BAA /* Products */;
			projectDirPath = "";
			projectRoot = "";
			targets = (
				6643735C28CD4CF70008AE36 /* StormChaser */,
				668DD78428CEA652004DFA8D /* StormchaserBridge */,
			);
		};
/* End PBXProject section */

/* Begin PBXResourcesBuildPhase section */
		6643735B28CD4CF70008AE36 /* Resources */ = {
			isa = PBXResourcesBuildPhase;
			buildActionMask = 2147483647;
			files = (
				6643736C28CD4CF80008AE36 /* LaunchScreen.storyboard in Resources */,
				6643736928CD4CF80008AE36 /* Assets.xcassets in Resources */,
			);
			runOnlyForDeploymentPostprocessing = 0;
		};
		668DD78328CEA652004DFA8D /* Resources */ = {
			isa = PBXResourcesBuildPhase;
			buildActionMask = 2147483647;
			files = (
			);
			runOnlyForDeploymentPostprocessing = 0;
		};
/* End PBXResourcesBuildPhase section */

/* Begin PBXSourcesBuildPhase section */
		6643735928CD4CF70008AE36 /* Sources */ = {
			isa = PBXSourcesBuildPhase;
			buildActionMask = 2147483647;
			files = (
				665BA14C28D053C60094BA27 /* PlaylistInfoViewController.swift in Sources */,
				665BA14928D04CC30094BA27 /* InfoPaneViewController.swift in Sources */,
				6643738028CDA99D0008AE36 /* MediaItem.swift in Sources */,
				6643737928CD7BEA0008AE36 /* Model.swift in Sources */,
				66714E6C28DAE841005345A3 /* TextFieldContentView.swift in Sources */,
				6643736428CD4CF70008AE36 /* PlaylistViewController.swift in Sources */,
				66714E7728E0209F005345A3 /* MultiSelectPickerView.swift in Sources */,
				6643736028CD4CF70008AE36 /* AppDelegate.swift in Sources */,
				6643736228CD4CF70008AE36 /* SceneDelegate.swift in Sources */,
				668DD79928CEC1FD004DFA8D /* AppDelegate+menu.swift in Sources */,
				6643737228CD75EA0008AE36 /* SidebarViewController.swift in Sources */,
				66714E6A28DADC6B005345A3 /* SplitterView.swift in Sources */,
				6643737E28CDA92B0008AE36 /* Playlist.swift in Sources */,
				66714E7528E00E0E005345A3 /* Tag.swift in Sources */,
			);
			runOnlyForDeploymentPostprocessing = 0;
		};
		668DD78128CEA652004DFA8D /* Sources */ = {
			isa = PBXSourcesBuildPhase;
			buildActionMask = 2147483647;
			files = (
				66714E7128DECFD2005345A3 /* WorkspaceCompatibility.swift in Sources */,
				668DD79728CEA6BC004DFA8D /* PlayerFieldItem.swift in Sources */,
			);
			runOnlyForDeploymentPostprocessing = 0;
		};
/* End PBXSourcesBuildPhase section */

/* Begin PBXTargetDependency section */
		6665C0F628D823EC0094A652 /* PBXTargetDependency */ = {
			isa = PBXTargetDependency;
			productRef = 6665C0F528D823EC0094A652 /* DSWaveformImage */;
		};
		6665C0FA28D8317A0094A652 /* PBXTargetDependency */ = {
			isa = PBXTargetDependency;
			productRef = 6665C0F928D8317A0094A652 /* HurricaneDB */;
		};
		668DD79228CEA65D004DFA8D /* PBXTargetDependency */ = {
			isa = PBXTargetDependency;
			platformFilter = maccatalyst;
			target = 668DD78428CEA652004DFA8D /* StormchaserBridge */;
			targetProxy = 668DD79128CEA65D004DFA8D /* PBXContainerItemProxy */;
		};
/* End PBXTargetDependency section */

/* Begin PBXVariantGroup section */
		6643736A28CD4CF80008AE36 /* LaunchScreen.storyboard */ = {
			isa = PBXVariantGroup;
			children = (
				6643736B28CD4CF80008AE36 /* Base */,
			);
			name = LaunchScreen.storyboard;
			sourceTree = "<group>";
		};
/* End PBXVariantGroup section */

/* Begin XCBuildConfiguration section */
		6639816128CB0C88005E6BAA /* Debug */ = {
			isa = XCBuildConfiguration;
			baseConfigurationReference = 66913A0128D8348F0071AC43 /* Default.xcconfig */;
			buildSettings = {
				ALWAYS_SEARCH_USER_PATHS = NO;
				CLANG_ANALYZER_NONNULL = YES;
				CLANG_ANALYZER_NUMBER_OBJECT_CONVERSION = YES_AGGRESSIVE;
				CLANG_CXX_LANGUAGE_STANDARD = "gnu++20";
				CLANG_ENABLE_MODULES = YES;
				CLANG_ENABLE_OBJC_ARC = YES;
				CLANG_ENABLE_OBJC_WEAK = YES;
				CLANG_WARN_BLOCK_CAPTURE_AUTORELEASING = YES;
				CLANG_WARN_BOOL_CONVERSION = YES;
				CLANG_WARN_COMMA = YES;
				CLANG_WARN_CONSTANT_CONVERSION = YES;
				CLANG_WARN_DEPRECATED_OBJC_IMPLEMENTATIONS = YES;
				CLANG_WARN_DIRECT_OBJC_ISA_USAGE = YES_ERROR;
				CLANG_WARN_DOCUMENTATION_COMMENTS = YES;
				CLANG_WARN_EMPTY_BODY = YES;
				CLANG_WARN_ENUM_CONVERSION = YES;
				CLANG_WARN_INFINITE_RECURSION = YES;
				CLANG_WARN_INT_CONVERSION = YES;
				CLANG_WARN_NON_LITERAL_NULL_CONVERSION = YES;
				CLANG_WARN_OBJC_IMPLICIT_RETAIN_SELF = YES;
				CLANG_WARN_OBJC_LITERAL_CONVERSION = YES;
				CLANG_WARN_OBJC_ROOT_CLASS = YES_ERROR;
				CLANG_WARN_QUOTED_INCLUDE_IN_FRAMEWORK_HEADER = YES;
				CLANG_WARN_RANGE_LOOP_ANALYSIS = YES;
				CLANG_WARN_STRICT_PROTOTYPES = YES;
				CLANG_WARN_SUSPICIOUS_MOVE = YES;
				CLANG_WARN_UNGUARDED_AVAILABILITY = YES_AGGRESSIVE;
				CLANG_WARN_UNREACHABLE_CODE = YES;
				CLANG_WARN__DUPLICATE_METHOD_MATCH = YES;
				COPY_PHASE_STRIP = NO;
				DEBUG_INFORMATION_FORMAT = dwarf;
				ENABLE_STRICT_OBJC_MSGSEND = YES;
				ENABLE_TESTABILITY = YES;
				GCC_C_LANGUAGE_STANDARD = gnu11;
				GCC_DYNAMIC_NO_PIC = NO;
				GCC_NO_COMMON_BLOCKS = YES;
				GCC_OPTIMIZATION_LEVEL = 0;
				GCC_PREPROCESSOR_DEFINITIONS = (
					"DEBUG=1",
					"$(inherited)",
				);
				GCC_WARN_64_TO_32_BIT_CONVERSION = YES;
				GCC_WARN_ABOUT_RETURN_TYPE = YES_ERROR;
				GCC_WARN_UNDECLARED_SELECTOR = YES;
				GCC_WARN_UNINITIALIZED_AUTOS = YES_AGGRESSIVE;
				GCC_WARN_UNUSED_FUNCTION = YES;
				GCC_WARN_UNUSED_VARIABLE = YES;
				IPHONEOS_DEPLOYMENT_TARGET = 15;
				MACOSX_DEPLOYMENT_TARGET = 12;
				MTL_ENABLE_DEBUG_INFO = INCLUDE_SOURCE;
				MTL_FAST_MATH = YES;
				ONLY_ACTIVE_ARCH = YES;
				SWIFT_ACTIVE_COMPILATION_CONDITIONS = DEBUG;
				SWIFT_OPTIMIZATION_LEVEL = "-Onone";
			};
			name = Debug;
		};
		6639816228CB0C88005E6BAA /* Release */ = {
			isa = XCBuildConfiguration;
			baseConfigurationReference = 66913A0128D8348F0071AC43 /* Default.xcconfig */;
			buildSettings = {
				ALWAYS_SEARCH_USER_PATHS = NO;
				CLANG_ANALYZER_NONNULL = YES;
				CLANG_ANALYZER_NUMBER_OBJECT_CONVERSION = YES_AGGRESSIVE;
				CLANG_CXX_LANGUAGE_STANDARD = "gnu++20";
				CLANG_ENABLE_MODULES = YES;
				CLANG_ENABLE_OBJC_ARC = YES;
				CLANG_ENABLE_OBJC_WEAK = YES;
				CLANG_WARN_BLOCK_CAPTURE_AUTORELEASING = YES;
				CLANG_WARN_BOOL_CONVERSION = YES;
				CLANG_WARN_COMMA = YES;
				CLANG_WARN_CONSTANT_CONVERSION = YES;
				CLANG_WARN_DEPRECATED_OBJC_IMPLEMENTATIONS = YES;
				CLANG_WARN_DIRECT_OBJC_ISA_USAGE = YES_ERROR;
				CLANG_WARN_DOCUMENTATION_COMMENTS = YES;
				CLANG_WARN_EMPTY_BODY = YES;
				CLANG_WARN_ENUM_CONVERSION = YES;
				CLANG_WARN_INFINITE_RECURSION = YES;
				CLANG_WARN_INT_CONVERSION = YES;
				CLANG_WARN_NON_LITERAL_NULL_CONVERSION = YES;
				CLANG_WARN_OBJC_IMPLICIT_RETAIN_SELF = YES;
				CLANG_WARN_OBJC_LITERAL_CONVERSION = YES;
				CLANG_WARN_OBJC_ROOT_CLASS = YES_ERROR;
				CLANG_WARN_QUOTED_INCLUDE_IN_FRAMEWORK_HEADER = YES;
				CLANG_WARN_RANGE_LOOP_ANALYSIS = YES;
				CLANG_WARN_STRICT_PROTOTYPES = YES;
				CLANG_WARN_SUSPICIOUS_MOVE = YES;
				CLANG_WARN_UNGUARDED_AVAILABILITY = YES_AGGRESSIVE;
				CLANG_WARN_UNREACHABLE_CODE = YES;
				CLANG_WARN__DUPLICATE_METHOD_MATCH = YES;
				COPY_PHASE_STRIP = NO;
				DEBUG_INFORMATION_FORMAT = "dwarf-with-dsym";
				ENABLE_NS_ASSERTIONS = NO;
				ENABLE_STRICT_OBJC_MSGSEND = YES;
				GCC_C_LANGUAGE_STANDARD = gnu11;
				GCC_NO_COMMON_BLOCKS = YES;
				GCC_WARN_64_TO_32_BIT_CONVERSION = YES;
				GCC_WARN_ABOUT_RETURN_TYPE = YES_ERROR;
				GCC_WARN_UNDECLARED_SELECTOR = YES;
				GCC_WARN_UNINITIALIZED_AUTOS = YES_AGGRESSIVE;
				GCC_WARN_UNUSED_FUNCTION = YES;
				GCC_WARN_UNUSED_VARIABLE = YES;
				IPHONEOS_DEPLOYMENT_TARGET = 15;
				MACOSX_DEPLOYMENT_TARGET = 12;
				MTL_ENABLE_DEBUG_INFO = NO;
				MTL_FAST_MATH = YES;
				SWIFT_COMPILATION_MODE = wholemodule;
				SWIFT_OPTIMIZATION_LEVEL = "-O";
			};
			name = Release;
		};
		6643736F28CD4CF80008AE36 /* Debug */ = {
			isa = XCBuildConfiguration;
			buildSettings = {
				ALWAYS_EMBED_SWIFT_STANDARD_LIBRARIES = YES;
				ASSETCATALOG_COMPILER_APPICON_NAME = AppIcon;
				ASSETCATALOG_COMPILER_GLOBAL_ACCENT_COLOR_NAME = AccentColor;
				CODE_SIGN_ENTITLEMENTS = StormChaser/StormChaser.entitlements;
				CODE_SIGN_IDENTITY = "Apple Development";
				CODE_SIGN_STYLE = Automatic;
				CURRENT_PROJECT_VERSION = 1;
				DEVELOPMENT_TEAM = ZGWD8QJUPK;
				ENABLE_HARDENED_RUNTIME = NO;
				GENERATE_INFOPLIST_FILE = YES;
				INFOPLIST_FILE = StormChaser/Info.plist;
				INFOPLIST_KEY_UIApplicationSupportsIndirectInputEvents = YES;
				INFOPLIST_KEY_UILaunchStoryboardName = LaunchScreen;
				INFOPLIST_KEY_UISupportedInterfaceOrientations_iPad = "UIInterfaceOrientationPortrait UIInterfaceOrientationPortraitUpsideDown UIInterfaceOrientationLandscapeLeft UIInterfaceOrientationLandscapeRight";
				INFOPLIST_KEY_UISupportedInterfaceOrientations_iPhone = "UIInterfaceOrientationPortrait UIInterfaceOrientationLandscapeLeft UIInterfaceOrientationLandscapeRight";
				IPHONEOS_DEPLOYMENT_TARGET = 16;
				LD_RUNPATH_SEARCH_PATHS = (
					"$(inherited)",
					"@executable_path/Frameworks",
				);
				MARKETING_VERSION = 1.0;
				PRODUCT_BUNDLE_IDENTIFIER = com.featherless.StormChaser;
				PRODUCT_NAME = "$(TARGET_NAME)";
				PROVISIONING_PROFILE_SPECIFIER = "";
				SDKROOT = iphoneos;
				SUPPORTED_PLATFORMS = "iphoneos iphonesimulator";
				SUPPORTS_MACCATALYST = YES;
				SUPPORTS_MAC_DESIGNED_FOR_IPHONE_IPAD = NO;
				SWIFT_EMIT_LOC_STRINGS = YES;
				SWIFT_VERSION = 5.0;
				TARGETED_DEVICE_FAMILY = "1,2";
			};
			name = Debug;
		};
		6643737028CD4CF80008AE36 /* Release */ = {
			isa = XCBuildConfiguration;
			buildSettings = {
				ALWAYS_EMBED_SWIFT_STANDARD_LIBRARIES = YES;
				ASSETCATALOG_COMPILER_APPICON_NAME = AppIcon;
				ASSETCATALOG_COMPILER_GLOBAL_ACCENT_COLOR_NAME = AccentColor;
				CODE_SIGN_ENTITLEMENTS = StormChaser/StormChaser.entitlements;
				CODE_SIGN_IDENTITY = "Apple Development";
				CODE_SIGN_STYLE = Automatic;
				CURRENT_PROJECT_VERSION = 1;
				DEVELOPMENT_TEAM = ZGWD8QJUPK;
				ENABLE_HARDENED_RUNTIME = NO;
				GENERATE_INFOPLIST_FILE = YES;
				INFOPLIST_FILE = StormChaser/Info.plist;
				INFOPLIST_KEY_UIApplicationSupportsIndirectInputEvents = YES;
				INFOPLIST_KEY_UILaunchStoryboardName = LaunchScreen;
				INFOPLIST_KEY_UISupportedInterfaceOrientations_iPad = "UIInterfaceOrientationPortrait UIInterfaceOrientationPortraitUpsideDown UIInterfaceOrientationLandscapeLeft UIInterfaceOrientationLandscapeRight";
				INFOPLIST_KEY_UISupportedInterfaceOrientations_iPhone = "UIInterfaceOrientationPortrait UIInterfaceOrientationLandscapeLeft UIInterfaceOrientationLandscapeRight";
				IPHONEOS_DEPLOYMENT_TARGET = 16;
				LD_RUNPATH_SEARCH_PATHS = (
					"$(inherited)",
					"@executable_path/Frameworks",
				);
				MARKETING_VERSION = 1.0;
				PRODUCT_BUNDLE_IDENTIFIER = com.featherless.StormChaser;
				PRODUCT_NAME = "$(TARGET_NAME)";
				PROVISIONING_PROFILE_SPECIFIER = "";
				SDKROOT = iphoneos;
				SUPPORTED_PLATFORMS = "iphoneos iphonesimulator";
				SUPPORTS_MACCATALYST = YES;
				SUPPORTS_MAC_DESIGNED_FOR_IPHONE_IPAD = NO;
				SWIFT_EMIT_LOC_STRINGS = YES;
				SWIFT_VERSION = 5.0;
				TARGETED_DEVICE_FAMILY = "1,2";
				VALIDATE_PRODUCT = YES;
			};
			name = Release;
		};
		668DD78E28CEA652004DFA8D /* Debug */ = {
			isa = XCBuildConfiguration;
			buildSettings = {
				CLANG_ENABLE_MODULES = YES;
				CODE_SIGN_IDENTITY = "Apple Development";
				CODE_SIGN_STYLE = Automatic;
				COMBINE_HIDPI_IMAGES = YES;
				CURRENT_PROJECT_VERSION = 1;
				DEFINES_MODULE = YES;
				DEVELOPMENT_TEAM = 69Y7ARDN28;
				DYLIB_COMPATIBILITY_VERSION = 1;
				DYLIB_CURRENT_VERSION = 1;
				DYLIB_INSTALL_NAME_BASE = "@rpath";
				GENERATE_INFOPLIST_FILE = YES;
				INFOPLIST_KEY_NSHumanReadableCopyright = "";
				INSTALL_PATH = "$(LOCAL_LIBRARY_DIR)/Frameworks";
				LD_RUNPATH_SEARCH_PATHS = (
					"$(inherited)",
					"@executable_path/../Frameworks",
					"@loader_path/Frameworks",
				);
				MACOSX_DEPLOYMENT_TARGET = 12;
				MARKETING_VERSION = 1.0;
				PRODUCT_BUNDLE_IDENTIFIER = com.featherless.StormchaserBridge;
				PRODUCT_NAME = "$(TARGET_NAME:c99extidentifier)";
				SDKROOT = macosx;
				SKIP_INSTALL = YES;
				SWIFT_EMIT_LOC_STRINGS = YES;
				SWIFT_OPTIMIZATION_LEVEL = "-Onone";
				SWIFT_VERSION = 5.0;
				VERSIONING_SYSTEM = "apple-generic";
				VERSION_INFO_PREFIX = "";
			};
			name = Debug;
		};
		668DD78F28CEA652004DFA8D /* Release */ = {
			isa = XCBuildConfiguration;
			buildSettings = {
				CLANG_ENABLE_MODULES = YES;
				CODE_SIGN_IDENTITY = "Apple Development";
				CODE_SIGN_STYLE = Automatic;
				COMBINE_HIDPI_IMAGES = YES;
				CURRENT_PROJECT_VERSION = 1;
				DEFINES_MODULE = YES;
				DEVELOPMENT_TEAM = 69Y7ARDN28;
				DYLIB_COMPATIBILITY_VERSION = 1;
				DYLIB_CURRENT_VERSION = 1;
				DYLIB_INSTALL_NAME_BASE = "@rpath";
				GENERATE_INFOPLIST_FILE = YES;
				INFOPLIST_KEY_NSHumanReadableCopyright = "";
				INSTALL_PATH = "$(LOCAL_LIBRARY_DIR)/Frameworks";
				LD_RUNPATH_SEARCH_PATHS = (
					"$(inherited)",
					"@executable_path/../Frameworks",
					"@loader_path/Frameworks",
				);
				MACOSX_DEPLOYMENT_TARGET = 12;
				MARKETING_VERSION = 1.0;
				PRODUCT_BUNDLE_IDENTIFIER = com.featherless.StormchaserBridge;
				PRODUCT_NAME = "$(TARGET_NAME:c99extidentifier)";
				SDKROOT = macosx;
				SKIP_INSTALL = YES;
				SWIFT_EMIT_LOC_STRINGS = YES;
				SWIFT_VERSION = 5.0;
				VERSIONING_SYSTEM = "apple-generic";
				VERSION_INFO_PREFIX = "";
			};
			name = Release;
		};
/* End XCBuildConfiguration section */

/* Begin XCConfigurationList section */
		6639814F28CB0C87005E6BAA /* Build configuration list for PBXProject "StormChaser" */ = {
			isa = XCConfigurationList;
			buildConfigurations = (
				6639816128CB0C88005E6BAA /* Debug */,
				6639816228CB0C88005E6BAA /* Release */,
			);
			defaultConfigurationIsVisible = 0;
			defaultConfigurationName = Release;
		};
		6643736E28CD4CF80008AE36 /* Build configuration list for PBXNativeTarget "StormChaser" */ = {
			isa = XCConfigurationList;
			buildConfigurations = (
				6643736F28CD4CF80008AE36 /* Debug */,
				6643737028CD4CF80008AE36 /* Release */,
			);
			defaultConfigurationIsVisible = 0;
			defaultConfigurationName = Release;
		};
		668DD79028CEA652004DFA8D /* Build configuration list for PBXNativeTarget "StormchaserBridge" */ = {
			isa = XCConfigurationList;
			buildConfigurations = (
				668DD78E28CEA652004DFA8D /* Debug */,
				668DD78F28CEA652004DFA8D /* Release */,
			);
			defaultConfigurationIsVisible = 0;
			defaultConfigurationName = Release;
		};
/* End XCConfigurationList section */

/* Begin XCRemoteSwiftPackageReference section */
		66714E6D28DD7BE4005345A3 /* XCRemoteSwiftPackageReference "ID3TagEditor" */ = {
			isa = XCRemoteSwiftPackageReference;
			repositoryURL = "https://github.com/chicio/ID3TagEditor.git";
			requirement = {
				kind = upToNextMajorVersion;
				minimumVersion = 4.0.0;
			};
		};
		6687136028DAD16600BD4969 /* XCRemoteSwiftPackageReference "MusadoraKit" */ = {
			isa = XCRemoteSwiftPackageReference;
			repositoryURL = "https://github.com/rryam/MusadoraKit.git";
			requirement = {
				kind = upToNextMajorVersion;
				minimumVersion = 1.0.0;
			};
		};
/* End XCRemoteSwiftPackageReference section */

/* Begin XCSwiftPackageProductDependency section */
		6665C0F528D823EC0094A652 /* DSWaveformImage */ = {
			isa = XCSwiftPackageProductDependency;
			productName = DSWaveformImage;
		};
		6665C0F728D823F50094A652 /* DSWaveformImage */ = {
			isa = XCSwiftPackageProductDependency;
			productName = DSWaveformImage;
		};
		6665C0F928D8317A0094A652 /* HurricaneDB */ = {
			isa = XCSwiftPackageProductDependency;
			productName = HurricaneDB;
		};
		66714E6E28DD7BE4005345A3 /* ID3TagEditor */ = {
			isa = XCSwiftPackageProductDependency;
			package = 66714E6D28DD7BE4005345A3 /* XCRemoteSwiftPackageReference "ID3TagEditor" */;
			productName = ID3TagEditor;
		};
		6687136128DAD16600BD4969 /* MusadoraKit */ = {
			isa = XCSwiftPackageProductDependency;
			package = 6687136028DAD16600BD4969 /* XCRemoteSwiftPackageReference "MusadoraKit" */;
			productName = MusadoraKit;
		};
		669139FF28D831940071AC43 /* HurricaneDB */ = {
			isa = XCSwiftPackageProductDependency;
			productName = HurricaneDB;
		};
/* End XCSwiftPackageProductDependency section */
	};
	rootObject = 6639814C28CB0C87005E6BAA /* Project object */;
}
